
Microsoft Visual Studio Solution File, Format Version 12.00
# Visual Studio 2012
Project("{FAE04EC0-301F-11D3-BF4B-00C04F79EFBC}") = "OpNumereMari", "OpNumereMari\OpNumereMari.csproj", "{ACADAA8C-16C2-450D-9A1C-F35E5310029C}"
EndProject
Global
	GlobalSection(SolutionConfigurationPlatforms) = preSolution
		Debug|Any CPU = Debug|Any CPU
		Release|Any CPU = Release|Any CPU
	EndGlobalSection
	GlobalSection(ProjectConfigurationPlatforms) = postSolution
		{ACADAA8C-16C2-450D-9A1C-F35E5310029C}.Debug|Any CPU.ActiveCfg = Debug|Any CPU
		{ACADAA8C-16C2-450D-9A1C-F35E5310029C}.Debug|Any CPU.Build.0 = Debug|Any CPU
		{ACADAA8C-16C2-450D-9A1C-F35E5310029C}.Release|Any CPU.ActiveCfg = Release|Any CPU
		{ACADAA8C-16C2-450D-9A1C-F35E5310029C}.Release|Any CPU.Build.0 = Release|Any CPU
	EndGlobalSection
	GlobalSection(SolutionProperties) = preSolution
		HideSolutionNode = FALSE
	EndGlobalSection
EndGlobal
